// !$*UTF8*$!
{
	archiveVersion = 1;
	classes = {
	};
	objectVersion = 48;
	objects = {

/* Begin PBXBuildFile section */
		A391498566B9D5C50F8DFBA6 /* Pods_NearbyVoting.framework in Frameworks */ = {isa = PBXBuildFile; fileRef = 7B762DCB6CFBB91219D6A912 /* Pods_NearbyVoting.framework */; };
		CD31F0881FE8097A00A4900E /* MainViewController.swift in Sources */ = {isa = PBXBuildFile; fileRef = CD31F0871FE8097A00A4900E /* MainViewController.swift */; };
		CD31F08A1FE80B9B00A4900E /* CreateVoteViewController.swift in Sources */ = {isa = PBXBuildFile; fileRef = CD31F0891FE80B9B00A4900E /* CreateVoteViewController.swift */; };
		CD31F08C1FE80EE600A4900E /* Vote.swift in Sources */ = {isa = PBXBuildFile; fileRef = CD31F08B1FE80EE600A4900E /* Vote.swift */; };
		CD31F0911FE8477D00A4900E /* TextFieldTableViewCell.swift in Sources */ = {isa = PBXBuildFile; fileRef = CD31F0901FE8477D00A4900E /* TextFieldTableViewCell.swift */; };
		CD31F0931FE848E300A4900E /* RespondVoteViewController.swift in Sources */ = {isa = PBXBuildFile; fileRef = CD31F0921FE848E300A4900E /* RespondVoteViewController.swift */; };
		CD3385E91FE9577700056D89 /* ddd.m in Sources */ = {isa = PBXBuildFile; fileRef = CD3385E81FE9577700056D89 /* ddd.m */; };
		CD810E331FE800E900237D3C /* AppDelegate.swift in Sources */ = {isa = PBXBuildFile; fileRef = CD810E321FE800E900237D3C /* AppDelegate.swift */; };
		CD810E381FE800E900237D3C /* Main.storyboard in Resources */ = {isa = PBXBuildFile; fileRef = CD810E361FE800E900237D3C /* Main.storyboard */; };
		CD810E3A1FE800E900237D3C /* Assets.xcassets in Resources */ = {isa = PBXBuildFile; fileRef = CD810E391FE800E900237D3C /* Assets.xcassets */; };
		CD810E3D1FE800E900237D3C /* LaunchScreen.storyboard in Resources */ = {isa = PBXBuildFile; fileRef = CD810E3B1FE800E900237D3C /* LaunchScreen.storyboard */; };
		CD821D851FEB1135000440F4 /* UIColorExtension.swift in Sources */ = {isa = PBXBuildFile; fileRef = CD821D841FEB1135000440F4 /* UIColorExtension.swift */; };
		CDA735B31FE9938D003543C3 /* MessageController.swift in Sources */ = {isa = PBXBuildFile; fileRef = CDA735B21FE9938D003543C3 /* MessageController.swift */; };
		CDA735B51FE9A06F003543C3 /* VotesManager.swift in Sources */ = {isa = PBXBuildFile; fileRef = CDA735B41FE9A06F003543C3 /* VotesManager.swift */; };
		CDA735B91FE9A6FE003543C3 /* WaitingViewController.swift in Sources */ = {isa = PBXBuildFile; fileRef = CDA735B81FE9A6FE003543C3 /* WaitingViewController.swift */; };
		CDA735BD1FE9ADA7003543C3 /* Response.swift in Sources */ = {isa = PBXBuildFile; fileRef = CDA735BC1FE9ADA7003543C3 /* Response.swift */; };
		CDA735BF1FE9AE78003543C3 /* UserController.swift in Sources */ = {isa = PBXBuildFile; fileRef = CDA735BE1FE9AE78003543C3 /* UserController.swift */; };
		CDA735EA1FE9CCA4003543C3 /* VoteOption.swift in Sources */ = {isa = PBXBuildFile; fileRef = CDA735E91FE9CCA4003543C3 /* VoteOption.swift */; };
		CDF638AC1FEAB89100DD0184 /* ResultTableViewCell.swift in Sources */ = {isa = PBXBuildFile; fileRef = CDF638AB1FEAB89100DD0184 /* ResultTableViewCell.swift */; };
		CDF638AE1FEAB9AF00DD0184 /* ResultsTableViewController.swift in Sources */ = {isa = PBXBuildFile; fileRef = CDF638AD1FEAB9AF00DD0184 /* ResultsTableViewController.swift */; };
		CDF638CE1FEAF42800DD0184 /* Helper.swift in Sources */ = {isa = PBXBuildFile; fileRef = CDF638CD1FEAF42800DD0184 /* Helper.swift */; };
/* End PBXBuildFile section */

/* Begin PBXFileReference section */
		2C7EBC3F10F699164082839A /* Pods-NearbyVoting.release.xcconfig */ = {isa = PBXFileReference; includeInIndex = 1; lastKnownFileType = text.xcconfig; name = "Pods-NearbyVoting.release.xcconfig"; path = "Pods/Target Support Files/Pods-NearbyVoting/Pods-NearbyVoting.release.xcconfig"; sourceTree = "<group>"; };
		7B762DCB6CFBB91219D6A912 /* Pods_NearbyVoting.framework */ = {isa = PBXFileReference; explicitFileType = wrapper.framework; includeInIndex = 0; path = Pods_NearbyVoting.framework; sourceTree = BUILT_PRODUCTS_DIR; };
		A9B49E524F514C679F569C4A /* Pods-NearbyVoting.debug.xcconfig */ = {isa = PBXFileReference; includeInIndex = 1; lastKnownFileType = text.xcconfig; name = "Pods-NearbyVoting.debug.xcconfig"; path = "Pods/Target Support Files/Pods-NearbyVoting/Pods-NearbyVoting.debug.xcconfig"; sourceTree = "<group>"; };
		CD31F0871FE8097A00A4900E /* MainViewController.swift */ = {isa = PBXFileReference; lastKnownFileType = sourcecode.swift; path = MainViewController.swift; sourceTree = "<group>"; };
		CD31F0891FE80B9B00A4900E /* CreateVoteViewController.swift */ = {isa = PBXFileReference; lastKnownFileType = sourcecode.swift; path = CreateVoteViewController.swift; sourceTree = "<group>"; };
		CD31F08B1FE80EE600A4900E /* Vote.swift */ = {isa = PBXFileReference; lastKnownFileType = sourcecode.swift; path = Vote.swift; sourceTree = "<group>"; };
		CD31F0901FE8477D00A4900E /* TextFieldTableViewCell.swift */ = {isa = PBXFileReference; lastKnownFileType = sourcecode.swift; path = TextFieldTableViewCell.swift; sourceTree = "<group>"; };
		CD31F0921FE848E300A4900E /* RespondVoteViewController.swift */ = {isa = PBXFileReference; lastKnownFileType = sourcecode.swift; path = RespondVoteViewController.swift; sourceTree = "<group>"; };
		CD3385E71FE9577700056D89 /* NearbyVoting-Bridging-Header.h */ = {isa = PBXFileReference; lastKnownFileType = sourcecode.c.h; path = "NearbyVoting-Bridging-Header.h"; sourceTree = "<group>"; };
		CD3385E81FE9577700056D89 /* ddd.m */ = {isa = PBXFileReference; lastKnownFileType = sourcecode.c.objc; path = ddd.m; sourceTree = "<group>"; };
		CD3385EA1FE9586500056D89 /* NearbyMessages */ = {isa = PBXFileReference; lastKnownFileType = folder; name = NearbyMessages; path = Pods/NearbyMessages; sourceTree = "<group>"; };
		CD3385EC1FE958DD00056D89 /* Pods */ = {isa = PBXFileReference; lastKnownFileType = folder; path = Pods; sourceTree = "<group>"; };
		CD810E2F1FE800E900237D3C /* NearbyVoting.app */ = {isa = PBXFileReference; explicitFileType = wrapper.application; includeInIndex = 0; path = NearbyVoting.app; sourceTree = BUILT_PRODUCTS_DIR; };
		CD810E321FE800E900237D3C /* AppDelegate.swift */ = {isa = PBXFileReference; lastKnownFileType = sourcecode.swift; path = AppDelegate.swift; sourceTree = "<group>"; };
		CD810E371FE800E900237D3C /* Base */ = {isa = PBXFileReference; lastKnownFileType = file.storyboard; name = Base; path = Base.lproj/Main.storyboard; sourceTree = "<group>"; };
		CD810E391FE800E900237D3C /* Assets.xcassets */ = {isa = PBXFileReference; lastKnownFileType = folder.assetcatalog; path = Assets.xcassets; sourceTree = "<group>"; };
		CD810E3C1FE800E900237D3C /* Base */ = {isa = PBXFileReference; lastKnownFileType = file.storyboard; name = Base; path = Base.lproj/LaunchScreen.storyboard; sourceTree = "<group>"; };
		CD810E3E1FE800E900237D3C /* Info.plist */ = {isa = PBXFileReference; lastKnownFileType = text.plist.xml; path = Info.plist; sourceTree = "<group>"; };
		CD821D841FEB1135000440F4 /* UIColorExtension.swift */ = {isa = PBXFileReference; lastKnownFileType = sourcecode.swift; path = UIColorExtension.swift; sourceTree = "<group>"; };
		CDA735B21FE9938D003543C3 /* MessageController.swift */ = {isa = PBXFileReference; lastKnownFileType = sourcecode.swift; path = MessageController.swift; sourceTree = "<group>"; };
		CDA735B41FE9A06F003543C3 /* VotesManager.swift */ = {isa = PBXFileReference; lastKnownFileType = sourcecode.swift; path = VotesManager.swift; sourceTree = "<group>"; };
		CDA735B81FE9A6FE003543C3 /* WaitingViewController.swift */ = {isa = PBXFileReference; lastKnownFileType = sourcecode.swift; path = WaitingViewController.swift; sourceTree = "<group>"; };
		CDA735BC1FE9ADA7003543C3 /* Response.swift */ = {isa = PBXFileReference; lastKnownFileType = sourcecode.swift; path = Response.swift; sourceTree = "<group>"; };
		CDA735BE1FE9AE78003543C3 /* UserController.swift */ = {isa = PBXFileReference; lastKnownFileType = sourcecode.swift; path = UserController.swift; sourceTree = "<group>"; };
		CDA735E91FE9CCA4003543C3 /* VoteOption.swift */ = {isa = PBXFileReference; lastKnownFileType = sourcecode.swift; path = VoteOption.swift; sourceTree = "<group>"; };
		CDF638AB1FEAB89100DD0184 /* ResultTableViewCell.swift */ = {isa = PBXFileReference; lastKnownFileType = sourcecode.swift; path = ResultTableViewCell.swift; sourceTree = "<group>"; };
		CDF638AD1FEAB9AF00DD0184 /* ResultsTableViewController.swift */ = {isa = PBXFileReference; lastKnownFileType = sourcecode.swift; path = ResultsTableViewController.swift; sourceTree = "<group>"; };
		CDF638CD1FEAF42800DD0184 /* Helper.swift */ = {isa = PBXFileReference; lastKnownFileType = sourcecode.swift; path = Helper.swift; sourceTree = "<group>"; };
/* End PBXFileReference section */

/* Begin PBXFrameworksBuildPhase section */
		CD810E2C1FE800E900237D3C /* Frameworks */ = {
			isa = PBXFrameworksBuildPhase;
			buildActionMask = 2147483647;
			files = (
				A391498566B9D5C50F8DFBA6 /* Pods_NearbyVoting.framework in Frameworks */,
			);
			runOnlyForDeploymentPostprocessing = 0;
		};
/* End PBXFrameworksBuildPhase section */

/* Begin PBXGroup section */
		0E533903A1C4136B0C149471 /* Frameworks */ = {
			isa = PBXGroup;
			children = (
				CD3385EC1FE958DD00056D89 /* Pods */,
				CD3385EA1FE9586500056D89 /* NearbyMessages */,
				7B762DCB6CFBB91219D6A912 /* Pods_NearbyVoting.framework */,
			);
			name = Frameworks;
			sourceTree = "<group>";
		};
		216701B82970C83D84C24D54 /* Pods */ = {
			isa = PBXGroup;
			children = (
				A9B49E524F514C679F569C4A /* Pods-NearbyVoting.debug.xcconfig */,
				2C7EBC3F10F699164082839A /* Pods-NearbyVoting.release.xcconfig */,
			);
			name = Pods;
			sourceTree = "<group>";
		};
		CD31F08F1FE8474B00A4900E /* Cells */ = {
			isa = PBXGroup;
			children = (
				CD31F0901FE8477D00A4900E /* TextFieldTableViewCell.swift */,
				CDF638AB1FEAB89100DD0184 /* ResultTableViewCell.swift */,
			);
			path = Cells;
			sourceTree = "<group>";
		};
		CD810E261FE800E800237D3C = {
			isa = PBXGroup;
			children = (
				CD810E311FE800E900237D3C /* NearbyVoting */,
				CD810E301FE800E900237D3C /* Products */,
				216701B82970C83D84C24D54 /* Pods */,
				0E533903A1C4136B0C149471 /* Frameworks */,
			);
			sourceTree = "<group>";
		};
		CD810E301FE800E900237D3C /* Products */ = {
			isa = PBXGroup;
			children = (
				CD810E2F1FE800E900237D3C /* NearbyVoting.app */,
			);
			name = Products;
			sourceTree = "<group>";
		};
		CD810E311FE800E900237D3C /* NearbyVoting */ = {
			isa = PBXGroup;
			children = (
				CD31F08F1FE8474B00A4900E /* Cells */,
				CD810E451FE807D900237D3C /* Models */,
				CD810E441FE807C400237D3C /* ViewControllers */,
				CD810E321FE800E900237D3C /* AppDelegate.swift */,
				CD810E361FE800E900237D3C /* Main.storyboard */,
				CD810E391FE800E900237D3C /* Assets.xcassets */,
				CD810E3B1FE800E900237D3C /* LaunchScreen.storyboard */,
				CD810E3E1FE800E900237D3C /* Info.plist */,
				CD3385E81FE9577700056D89 /* ddd.m */,
				CD3385E71FE9577700056D89 /* NearbyVoting-Bridging-Header.h */,
				CD821D841FEB1135000440F4 /* UIColorExtension.swift */,
			);
			path = NearbyVoting;
			sourceTree = "<group>";
		};
		CD810E441FE807C400237D3C /* ViewControllers */ = {
			isa = PBXGroup;
			children = (
				CD31F0871FE8097A00A4900E /* MainViewController.swift */,
				CD31F0891FE80B9B00A4900E /* CreateVoteViewController.swift */,
				CD31F0921FE848E300A4900E /* RespondVoteViewController.swift */,
				CDA735B81FE9A6FE003543C3 /* WaitingViewController.swift */,
				CDF638AD1FEAB9AF00DD0184 /* ResultsTableViewController.swift */,
			);
			path = ViewControllers;
			sourceTree = "<group>";
		};
		CD810E451FE807D900237D3C /* Models */ = {
			isa = PBXGroup;
			children = (
				CD31F08B1FE80EE600A4900E /* Vote.swift */,
				CDA735B21FE9938D003543C3 /* MessageController.swift */,
				CDA735B41FE9A06F003543C3 /* VotesManager.swift */,
				CDA735BC1FE9ADA7003543C3 /* Response.swift */,
				CDA735BE1FE9AE78003543C3 /* UserController.swift */,
				CDA735E91FE9CCA4003543C3 /* VoteOption.swift */,
				CDF638CD1FEAF42800DD0184 /* Helper.swift */,
			);
			path = Models;
			sourceTree = "<group>";
		};
/* End PBXGroup section */

/* Begin PBXNativeTarget section */
		CD810E2E1FE800E900237D3C /* NearbyVoting */ = {
			isa = PBXNativeTarget;
			buildConfigurationList = CD810E411FE800E900237D3C /* Build configuration list for PBXNativeTarget "NearbyVoting" */;
			buildPhases = (
				BEC867088B627585818B2205 /* [CP] Check Pods Manifest.lock */,
				CD810E2B1FE800E900237D3C /* Sources */,
				CD810E2C1FE800E900237D3C /* Frameworks */,
				CD810E2D1FE800E900237D3C /* Resources */,
				415919E2656899D81BA4774A /* [CP] Embed Pods Frameworks */,
				9265F7E90DA9927DEEFA8C9E /* [CP] Copy Pods Resources */,
			);
			buildRules = (
			);
			dependencies = (
			);
			name = NearbyVoting;
			productName = NearbyVoting;
			productReference = CD810E2F1FE800E900237D3C /* NearbyVoting.app */;
			productType = "com.apple.product-type.application";
		};
/* End PBXNativeTarget section */

/* Begin PBXProject section */
		CD810E271FE800E800237D3C /* Project object */ = {
			isa = PBXProject;
			attributes = {
				LastSwiftUpdateCheck = 0920;
				LastUpgradeCheck = 0920;
				ORGANIZATIONNAME = "Darrell Shi";
				TargetAttributes = {
					CD810E2E1FE800E900237D3C = {
						CreatedOnToolsVersion = 9.2;
						LastSwiftMigration = 0920;
						ProvisioningStyle = Automatic;
					};
				};
			};
			buildConfigurationList = CD810E2A1FE800E800237D3C /* Build configuration list for PBXProject "NearbyVoting" */;
			compatibilityVersion = "Xcode 8.0";
			developmentRegion = en;
			hasScannedForEncodings = 0;
			knownRegions = (
				en,
				Base,
			);
			mainGroup = CD810E261FE800E800237D3C;
			productRefGroup = CD810E301FE800E900237D3C /* Products */;
			projectDirPath = "";
			projectRoot = "";
			targets = (
				CD810E2E1FE800E900237D3C /* NearbyVoting */,
			);
		};
/* End PBXProject section */

/* Begin PBXResourcesBuildPhase section */
		CD810E2D1FE800E900237D3C /* Resources */ = {
			isa = PBXResourcesBuildPhase;
			buildActionMask = 2147483647;
			files = (
				CD810E3D1FE800E900237D3C /* LaunchScreen.storyboard in Resources */,
				CD810E3A1FE800E900237D3C /* Assets.xcassets in Resources */,
				CD810E381FE800E900237D3C /* Main.storyboard in Resources */,
			);
			runOnlyForDeploymentPostprocessing = 0;
		};
/* End PBXResourcesBuildPhase section */

/* Begin PBXShellScriptBuildPhase section */
		415919E2656899D81BA4774A /* [CP] Embed Pods Frameworks */ = {
			isa = PBXShellScriptBuildPhase;
			buildActionMask = 2147483647;
			files = (
			);
			inputPaths = (
				"${SRCROOT}/Pods/Target Support Files/Pods-NearbyVoting/Pods-NearbyVoting-frameworks.sh",
				"${BUILT_PRODUCTS_DIR}/DotsLoading/DotsLoading.framework",
				"${BUILT_PRODUCTS_DIR}/EVReflection/EVReflection.framework",
				"${BUILT_PRODUCTS_DIR}/TransitionButton/TransitionButton.framework",
			);
			name = "[CP] Embed Pods Frameworks";
			outputPaths = (
				"${TARGET_BUILD_DIR}/${FRAMEWORKS_FOLDER_PATH}/DotsLoading.framework",
				"${TARGET_BUILD_DIR}/${FRAMEWORKS_FOLDER_PATH}/EVReflection.framework",
				"${TARGET_BUILD_DIR}/${FRAMEWORKS_FOLDER_PATH}/TransitionButton.framework",
			);
			runOnlyForDeploymentPostprocessing = 0;
			shellPath = /bin/sh;
			shellScript = "\"${SRCROOT}/Pods/Target Support Files/Pods-NearbyVoting/Pods-NearbyVoting-frameworks.sh\"\n";
			showEnvVarsInLog = 0;
		};
		9265F7E90DA9927DEEFA8C9E /* [CP] Copy Pods Resources */ = {
			isa = PBXShellScriptBuildPhase;
			buildActionMask = 2147483647;
			files = (
			);
			inputPaths = (
				"${SRCROOT}/Pods/Target Support Files/Pods-NearbyVoting/Pods-NearbyVoting-resources.sh",
				"${PODS_ROOT}/NearbyMessages/Resources/resources/GNSSharedResources.bundle",
				"${PODS_ROOT}/NearbyMessages/Resources/resources/ic_expand_more.xcassets",
				"${PODS_ROOT}/NearbyMessages/Resources/resources/ic_nearby_48pt.xcassets",
			);
			name = "[CP] Copy Pods Resources";
			outputPaths = (
				"${TARGET_BUILD_DIR}/${UNLOCALIZED_RESOURCES_FOLDER_PATH}",
			);
			runOnlyForDeploymentPostprocessing = 0;
			shellPath = /bin/sh;
			shellScript = "\"${SRCROOT}/Pods/Target Support Files/Pods-NearbyVoting/Pods-NearbyVoting-resources.sh\"\n";
			showEnvVarsInLog = 0;
		};
		BEC867088B627585818B2205 /* [CP] Check Pods Manifest.lock */ = {
			isa = PBXShellScriptBuildPhase;
			buildActionMask = 2147483647;
			files = (
			);
			inputPaths = (
				"${PODS_PODFILE_DIR_PATH}/Podfile.lock",
				"${PODS_ROOT}/Manifest.lock",
			);
			name = "[CP] Check Pods Manifest.lock";
			outputPaths = (
				"$(DERIVED_FILE_DIR)/Pods-NearbyVoting-checkManifestLockResult.txt",
			);
			runOnlyForDeploymentPostprocessing = 0;
			shellPath = /bin/sh;
			shellScript = "diff \"${PODS_PODFILE_DIR_PATH}/Podfile.lock\" \"${PODS_ROOT}/Manifest.lock\" > /dev/null\nif [ $? != 0 ] ; then\n    # print error to STDERR\n    echo \"error: The sandbox is not in sync with the Podfile.lock. Run 'pod install' or update your CocoaPods installation.\" >&2\n    exit 1\nfi\n# This output is used by Xcode 'outputs' to avoid re-running this script phase.\necho \"SUCCESS\" > \"${SCRIPT_OUTPUT_FILE_0}\"\n";
			showEnvVarsInLog = 0;
		};
/* End PBXShellScriptBuildPhase section */

/* Begin PBXSourcesBuildPhase section */
		CD810E2B1FE800E900237D3C /* Sources */ = {
			isa = PBXSourcesBuildPhase;
			buildActionMask = 2147483647;
			files = (
				CD821D851FEB1135000440F4 /* UIColorExtension.swift in Sources */,
				CDA735B91FE9A6FE003543C3 /* WaitingViewController.swift in Sources */,
				CD31F0881FE8097A00A4900E /* MainViewController.swift in Sources */,
				CDA735B31FE9938D003543C3 /* MessageController.swift in Sources */,
				CDA735EA1FE9CCA4003543C3 /* VoteOption.swift in Sources */,
				CDA735BD1FE9ADA7003543C3 /* Response.swift in Sources */,
				CDA735BF1FE9AE78003543C3 /* UserController.swift in Sources */,
				CD31F0931FE848E300A4900E /* RespondVoteViewController.swift in Sources */,
				CDF638CE1FEAF42800DD0184 /* Helper.swift in Sources */,
				CD31F08A1FE80B9B00A4900E /* CreateVoteViewController.swift in Sources */,
				CD31F0911FE8477D00A4900E /* TextFieldTableViewCell.swift in Sources */,
				CDF638AE1FEAB9AF00DD0184 /* ResultsTableViewController.swift in Sources */,
				CD3385E91FE9577700056D89 /* ddd.m in Sources */,
				CD810E331FE800E900237D3C /* AppDelegate.swift in Sources */,
				CD31F08C1FE80EE600A4900E /* Vote.swift in Sources */,
				CDF638AC1FEAB89100DD0184 /* ResultTableViewCell.swift in Sources */,
				CDA735B51FE9A06F003543C3 /* VotesManager.swift in Sources */,
			);
			runOnlyForDeploymentPostprocessing = 0;
		};
/* End PBXSourcesBuildPhase section */

/* Begin PBXVariantGroup section */
		CD810E361FE800E900237D3C /* Main.storyboard */ = {
			isa = PBXVariantGroup;
			children = (
				CD810E371FE800E900237D3C /* Base */,
			);
			name = Main.storyboard;
			sourceTree = "<group>";
		};
		CD810E3B1FE800E900237D3C /* LaunchScreen.storyboard */ = {
			isa = PBXVariantGroup;
			children = (
				CD810E3C1FE800E900237D3C /* Base */,
			);
			name = LaunchScreen.storyboard;
			sourceTree = "<group>";
		};
/* End PBXVariantGroup section */

/* Begin XCBuildConfiguration section */
		CD810E3F1FE800E900237D3C /* Debug */ = {
			isa = XCBuildConfiguration;
			baseConfigurationReference = A9B49E524F514C679F569C4A /* Pods-NearbyVoting.debug.xcconfig */;
			buildSettings = {
				ALWAYS_SEARCH_USER_PATHS = NO;
				CLANG_ANALYZER_NONNULL = YES;
				CLANG_ANALYZER_NUMBER_OBJECT_CONVERSION = YES_AGGRESSIVE;
				CLANG_CXX_LANGUAGE_STANDARD = "gnu++14";
				CLANG_CXX_LIBRARY = "libc++";
				CLANG_ENABLE_MODULES = YES;
				CLANG_ENABLE_OBJC_ARC = YES;
				CLANG_WARN_BLOCK_CAPTURE_AUTORELEASING = YES;
				CLANG_WARN_BOOL_CONVERSION = YES;
				CLANG_WARN_COMMA = YES;
				CLANG_WARN_CONSTANT_CONVERSION = YES;
				CLANG_WARN_DIRECT_OBJC_ISA_USAGE = YES_ERROR;
				CLANG_WARN_DOCUMENTATION_COMMENTS = YES;
				CLANG_WARN_EMPTY_BODY = YES;
				CLANG_WARN_ENUM_CONVERSION = YES;
				CLANG_WARN_INFINITE_RECURSION = YES;
				CLANG_WARN_INT_CONVERSION = YES;
				CLANG_WARN_NON_LITERAL_NULL_CONVERSION = YES;
				CLANG_WARN_OBJC_LITERAL_CONVERSION = YES;
				CLANG_WARN_OBJC_ROOT_CLASS = YES_ERROR;
				CLANG_WARN_RANGE_LOOP_ANALYSIS = YES;
				CLANG_WARN_STRICT_PROTOTYPES = YES;
				CLANG_WARN_SUSPICIOUS_MOVE = YES;
				CLANG_WARN_UNGUARDED_AVAILABILITY = YES_AGGRESSIVE;
				CLANG_WARN_UNREACHABLE_CODE = YES;
				CLANG_WARN__DUPLICATE_METHOD_MATCH = YES;
				CODE_SIGN_IDENTITY = "iPhone Developer";
				COPY_PHASE_STRIP = NO;
				DEBUG_INFORMATION_FORMAT = dwarf;
				ENABLE_STRICT_OBJC_MSGSEND = YES;
				ENABLE_TESTABILITY = YES;
				GCC_C_LANGUAGE_STANDARD = gnu11;
				GCC_DYNAMIC_NO_PIC = NO;
				GCC_NO_COMMON_BLOCKS = YES;
				GCC_OPTIMIZATION_LEVEL = 0;
				GCC_PREPROCESSOR_DEFINITIONS = (
					"DEBUG=1",
					"$(inherited)",
				);
				GCC_WARN_64_TO_32_BIT_CONVERSION = YES;
				GCC_WARN_ABOUT_RETURN_TYPE = YES_ERROR;
				GCC_WARN_UNDECLARED_SELECTOR = YES;
				GCC_WARN_UNINITIALIZED_AUTOS = YES_AGGRESSIVE;
				GCC_WARN_UNUSED_FUNCTION = YES;
				GCC_WARN_UNUSED_VARIABLE = YES;
				IPHONEOS_DEPLOYMENT_TARGET = 11.2;
				MTL_ENABLE_DEBUG_INFO = YES;
				ONLY_ACTIVE_ARCH = YES;
				SDKROOT = iphoneos;
				SWIFT_ACTIVE_COMPILATION_CONDITIONS = DEBUG;
				SWIFT_OPTIMIZATION_LEVEL = "-Onone";
				USER_HEADER_SEARCH_PATHS = "\"${PODS_ROOT}/\"/**";
			};
			name = Debug;
		};
		CD810E401FE800E900237D3C /* Release */ = {
			isa = XCBuildConfiguration;
			buildSettings = {
				ALWAYS_SEARCH_USER_PATHS = NO;
				CLANG_ANALYZER_NONNULL = YES;
				CLANG_ANALYZER_NUMBER_OBJECT_CONVERSION = YES_AGGRESSIVE;
				CLANG_CXX_LANGUAGE_STANDARD = "gnu++14";
				CLANG_CXX_LIBRARY = "libc++";
				CLANG_ENABLE_MODULES = YES;
				CLANG_ENABLE_OBJC_ARC = YES;
				CLANG_WARN_BLOCK_CAPTURE_AUTORELEASING = YES;
				CLANG_WARN_BOOL_CONVERSION = YES;
				CLANG_WARN_COMMA = YES;
				CLANG_WARN_CONSTANT_CONVERSION = YES;
				CLANG_WARN_DIRECT_OBJC_ISA_USAGE = YES_ERROR;
				CLANG_WARN_DOCUMENTATION_COMMENTS = YES;
				CLANG_WARN_EMPTY_BODY = YES;
				CLANG_WARN_ENUM_CONVERSION = YES;
				CLANG_WARN_INFINITE_RECURSION = YES;
				CLANG_WARN_INT_CONVERSION = YES;
				CLANG_WARN_NON_LITERAL_NULL_CONVERSION = YES;
				CLANG_WARN_OBJC_LITERAL_CONVERSION = YES;
				CLANG_WARN_OBJC_ROOT_CLASS = YES_ERROR;
				CLANG_WARN_RANGE_LOOP_ANALYSIS = YES;
				CLANG_WARN_STRICT_PROTOTYPES = YES;
				CLANG_WARN_SUSPICIOUS_MOVE = YES;
				CLANG_WARN_UNGUARDED_AVAILABILITY = YES_AGGRESSIVE;
				CLANG_WARN_UNREACHABLE_CODE = YES;
				CLANG_WARN__DUPLICATE_METHOD_MATCH = YES;
				CODE_SIGN_IDENTITY = "iPhone Developer";
				COPY_PHASE_STRIP = NO;
				DEBUG_INFORMATION_FORMAT = "dwarf-with-dsym";
				ENABLE_NS_ASSERTIONS = NO;
				ENABLE_STRICT_OBJC_MSGSEND = YES;
				GCC_C_LANGUAGE_STANDARD = gnu11;
				GCC_NO_COMMON_BLOCKS = YES;
				GCC_WARN_64_TO_32_BIT_CONVERSION = YES;
				GCC_WARN_ABOUT_RETURN_TYPE = YES_ERROR;
				GCC_WARN_UNDECLARED_SELECTOR = YES;
				GCC_WARN_UNINITIALIZED_AUTOS = YES_AGGRESSIVE;
				GCC_WARN_UNUSED_FUNCTION = YES;
				GCC_WARN_UNUSED_VARIABLE = YES;
				IPHONEOS_DEPLOYMENT_TARGET = 11.2;
				MTL_ENABLE_DEBUG_INFO = NO;
				SDKROOT = iphoneos;
				SWIFT_OPTIMIZATION_LEVEL = "-Owholemodule";
				VALIDATE_PRODUCT = YES;
			};
			name = Release;
		};
		CD810E421FE800E900237D3C /* Debug */ = {
			isa = XCBuildConfiguration;
			baseConfigurationReference = A9B49E524F514C679F569C4A /* Pods-NearbyVoting.debug.xcconfig */;
			buildSettings = {
				ASSETCATALOG_COMPILER_APPICON_NAME = AppIcon;
				CLANG_ENABLE_MODULES = YES;
				CODE_SIGN_STYLE = Automatic;
				DEVELOPMENT_TEAM = DXU5U29D7C;
				INFOPLIST_FILE = NearbyVoting/Info.plist;
				IPHONEOS_DEPLOYMENT_TARGET = 10.3;
				LD_RUNPATH_SEARCH_PATHS = "$(inherited) @executable_path/Frameworks";
				PRODUCT_BUNDLE_IDENTIFIER = darrellshi.NearbyVoting;
				PRODUCT_NAME = "$(TARGET_NAME)";
				SWIFT_OBJC_BRIDGING_HEADER = "NearbyVoting/NearbyVoting-Bridging-Header.h";
				SWIFT_OPTIMIZATION_LEVEL = "-Onone";
				SWIFT_VERSION = 4.0;
				TARGETED_DEVICE_FAMILY = 1;
			};
			name = Debug;
		};
		CD810E431FE800E900237D3C /* Release */ = {
			isa = XCBuildConfiguration;
			baseConfigurationReference = 2C7EBC3F10F699164082839A /* Pods-NearbyVoting.release.xcconfig */;
			buildSettings = {
				ASSETCATALOG_COMPILER_APPICON_NAME = AppIcon;
				CLANG_ENABLE_MODULES = YES;
				CODE_SIGN_STYLE = Automatic;
				DEVELOPMENT_TEAM = DXU5U29D7C;
				INFOPLIST_FILE = NearbyVoting/Info.plist;
				IPHONEOS_DEPLOYMENT_TARGET = 10.3;
				LD_RUNPATH_SEARCH_PATHS = "$(inherited) @executable_path/Frameworks";
				PRODUCT_BUNDLE_IDENTIFIER = darrellshi.NearbyVoting;
				PRODUCT_NAME = "$(TARGET_NAME)";
				SWIFT_OBJC_BRIDGING_HEADER = "NearbyVoting/NearbyVoting-Bridging-Header.h";
				SWIFT_VERSION = 4.0;
				TARGETED_DEVICE_FAMILY = 1;
			};
			name = Release;
		};
/* End XCBuildConfiguration section */

/* Begin XCConfigurationList section */
		CD810E2A1FE800E800237D3C /* Build configuration list for PBXProject "NearbyVoting" */ = {
			isa = XCConfigurationList;
			buildConfigurations = (
				CD810E3F1FE800E900237D3C /* Debug */,
				CD810E401FE800E900237D3C /* Release */,
			);
			defaultConfigurationIsVisible = 0;
			defaultConfigurationName = Debug;
		};
		CD810E411FE800E900237D3C /* Build configuration list for PBXNativeTarget "NearbyVoting" */ = {
			isa = XCConfigurationList;
			buildConfigurations = (
				CD810E421FE800E900237D3C /* Debug */,
				CD810E431FE800E900237D3C /* Release */,
			);
			defaultConfigurationIsVisible = 0;
			defaultConfigurationName = Debug;
		};
/* End XCConfigurationList section */
	};
	rootObject = CD810E271FE800E800237D3C /* Project object */;
}
